
Microsoft Visual Studio Solution File, Format Version 12.00
# Visual Studio 15
VisualStudioVersion = 15.0.27703.2000
MinimumVisualStudioVersion = 10.0.40219.1
Project("{FAE04EC0-301F-11D3-BF4B-00C04F79EFBC}") = "LocalizarAmigos", "LocalizarAmigos\LocalizarAmigos.csproj", "{F80CAC9A-7478-4880-B740-DFF9748FF584}"
EndProject
Global
	GlobalSection(SolutionConfigurationPlatforms) = preSolution
		Debug|Any CPU = Debug|Any CPU
		Release|Any CPU = Release|Any CPU
	EndGlobalSection
	GlobalSection(ProjectConfigurationPlatforms) = postSolution
		{F80CAC9A-7478-4880-B740-DFF9748FF584}.Debug|Any CPU.ActiveCfg = Debug|Any CPU
		{F80CAC9A-7478-4880-B740-DFF9748FF584}.Debug|Any CPU.Build.0 = Debug|Any CPU
		{F80CAC9A-7478-4880-B740-DFF9748FF584}.Release|Any CPU.ActiveCfg = Release|Any CPU
		{F80CAC9A-7478-4880-B740-DFF9748FF584}.Release|Any CPU.Build.0 = Release|Any CPU
	EndGlobalSection
	GlobalSection(SolutionProperties) = preSolution
		HideSolutionNode = FALSE
	EndGlobalSection
	GlobalSection(ExtensibilityGlobals) = postSolution
		SolutionGuid = {F9A84A48-12FB-4A2F-8BE8-1D490D3CFADE}
	EndGlobalSection
EndGlobal
